// !$*UTF8*$!
{
	archiveVersion = 1;
	classes = {
	};
	objectVersion = 55;
	objects = {

/* Begin PBXBuildFile section */
		AC1F5D4727EF4E810090D92B /* Page.swift in Sources */ = {isa = PBXBuildFile; fileRef = AC1F5D4627EF4E810090D92B /* Page.swift */; };
		AC7D231C27EC71F6005B737F /* PokepediaApp.swift in Sources */ = {isa = PBXBuildFile; fileRef = AC7D231B27EC71F6005B737F /* PokepediaApp.swift */; };
		AC7D231E27EC71F6005B737F /* PokemonView.swift in Sources */ = {isa = PBXBuildFile; fileRef = AC7D231D27EC71F6005B737F /* PokemonView.swift */; };
		AC7D232027EC71F9005B737F /* Assets.xcassets in Resources */ = {isa = PBXBuildFile; fileRef = AC7D231F27EC71F9005B737F /* Assets.xcassets */; };
		AC7D232327EC71F9005B737F /* Preview Assets.xcassets in Resources */ = {isa = PBXBuildFile; fileRef = AC7D232227EC71F9005B737F /* Preview Assets.xcassets */; };
		ACCB452727F47F6100C7A7D0 /* PokemonTabView.swift in Sources */ = {isa = PBXBuildFile; fileRef = ACCB452627F47F6100C7A7D0 /* PokemonTabView.swift */; };
		ACCB452A27F47FE700C7A7D0 /* PokemonMapView.swift in Sources */ = {isa = PBXBuildFile; fileRef = ACCB452927F47FE700C7A7D0 /* PokemonMapView.swift */; };
		ACCB452D27F4809100C7A7D0 /* InitialLoadingView.swift in Sources */ = {isa = PBXBuildFile; fileRef = ACCB452C27F4809100C7A7D0 /* InitialLoadingView.swift */; };
		ACD4279027EDC6700016BEB7 /* PokemonButton.swift in Sources */ = {isa = PBXBuildFile; fileRef = ACD4278F27EDC6700016BEB7 /* PokemonButton.swift */; };
		ACD4279427EDCB310016BEB7 /* Pokemon.swift in Sources */ = {isa = PBXBuildFile; fileRef = ACD4279327EDCB310016BEB7 /* Pokemon.swift */; };
		ACD4279727EDCF2E0016BEB7 /* PokeApi.swift in Sources */ = {isa = PBXBuildFile; fileRef = ACD4279627EDCF2E0016BEB7 /* PokeApi.swift */; };
		ACD4279927EDD19E0016BEB7 /* PokemonSwipeList.swift in Sources */ = {isa = PBXBuildFile; fileRef = ACD4279827EDD19E0016BEB7 /* PokemonSwipeList.swift */; };
		ACD4279B27EDD2A50016BEB7 /* AppTitle.swift in Sources */ = {isa = PBXBuildFile; fileRef = ACD4279A27EDD2A50016BEB7 /* AppTitle.swift */; };
		ACD4279D27EDDCD70016BEB7 /* PokemonList.swift in Sources */ = {isa = PBXBuildFile; fileRef = ACD4279C27EDDCD70016BEB7 /* PokemonList.swift */; };
		ACD427A327EDE48E0016BEB7 /* PokemonDetailView.swift in Sources */ = {isa = PBXBuildFile; fileRef = ACD427A227EDE48E0016BEB7 /* PokemonDetailView.swift */; };
		ACD427A527EDF0E30016BEB7 /* PokemonJSON.swift in Sources */ = {isa = PBXBuildFile; fileRef = ACD427A427EDF0E30016BEB7 /* PokemonJSON.swift */; };
		ACF209BD27F5D0340030CF5D /* PokemonSimpleView.swift in Sources */ = {isa = PBXBuildFile; fileRef = ACF209BC27F5D0340030CF5D /* PokemonSimpleView.swift */; };
/* End PBXBuildFile section */

/* Begin PBXFileReference section */
		AC1F5D4627EF4E810090D92B /* Page.swift */ = {isa = PBXFileReference; lastKnownFileType = sourcecode.swift; path = Page.swift; sourceTree = "<group>"; };
		AC7D231827EC71F6005B737F /* Pokepedia.app */ = {isa = PBXFileReference; explicitFileType = wrapper.application; includeInIndex = 0; path = Pokepedia.app; sourceTree = BUILT_PRODUCTS_DIR; };
		AC7D231B27EC71F6005B737F /* PokepediaApp.swift */ = {isa = PBXFileReference; lastKnownFileType = sourcecode.swift; path = PokepediaApp.swift; sourceTree = "<group>"; };
		AC7D231D27EC71F6005B737F /* PokemonView.swift */ = {isa = PBXFileReference; lastKnownFileType = sourcecode.swift; path = PokemonView.swift; sourceTree = "<group>"; };
		AC7D231F27EC71F9005B737F /* Assets.xcassets */ = {isa = PBXFileReference; lastKnownFileType = folder.assetcatalog; path = Assets.xcassets; sourceTree = "<group>"; };
		AC7D232227EC71F9005B737F /* Preview Assets.xcassets */ = {isa = PBXFileReference; lastKnownFileType = folder.assetcatalog; path = "Preview Assets.xcassets"; sourceTree = "<group>"; };
		ACCB452627F47F6100C7A7D0 /* PokemonTabView.swift */ = {isa = PBXFileReference; lastKnownFileType = sourcecode.swift; path = PokemonTabView.swift; sourceTree = "<group>"; };
		ACCB452927F47FE700C7A7D0 /* PokemonMapView.swift */ = {isa = PBXFileReference; lastKnownFileType = sourcecode.swift; path = PokemonMapView.swift; sourceTree = "<group>"; };
		ACCB452C27F4809100C7A7D0 /* InitialLoadingView.swift */ = {isa = PBXFileReference; lastKnownFileType = sourcecode.swift; path = InitialLoadingView.swift; sourceTree = "<group>"; };
		ACCB452E27F4854200C7A7D0 /* Pokepedia.entitlements */ = {isa = PBXFileReference; lastKnownFileType = text.plist.entitlements; path = Pokepedia.entitlements; sourceTree = "<group>"; };
		ACD4278F27EDC6700016BEB7 /* PokemonButton.swift */ = {isa = PBXFileReference; lastKnownFileType = sourcecode.swift; path = PokemonButton.swift; sourceTree = "<group>"; };
		ACD4279327EDCB310016BEB7 /* Pokemon.swift */ = {isa = PBXFileReference; lastKnownFileType = sourcecode.swift; path = Pokemon.swift; sourceTree = "<group>"; };
		ACD4279627EDCF2E0016BEB7 /* PokeApi.swift */ = {isa = PBXFileReference; lastKnownFileType = sourcecode.swift; path = PokeApi.swift; sourceTree = "<group>"; };
		ACD4279827EDD19E0016BEB7 /* PokemonSwipeList.swift */ = {isa = PBXFileReference; lastKnownFileType = sourcecode.swift; path = PokemonSwipeList.swift; sourceTree = "<group>"; };
		ACD4279A27EDD2A50016BEB7 /* AppTitle.swift */ = {isa = PBXFileReference; lastKnownFileType = sourcecode.swift; path = AppTitle.swift; sourceTree = "<group>"; };
		ACD4279C27EDDCD70016BEB7 /* PokemonList.swift */ = {isa = PBXFileReference; lastKnownFileType = sourcecode.swift; path = PokemonList.swift; sourceTree = "<group>"; };
		ACD427A227EDE48E0016BEB7 /* PokemonDetailView.swift */ = {isa = PBXFileReference; lastKnownFileType = sourcecode.swift; path = PokemonDetailView.swift; sourceTree = "<group>"; };
		ACD427A427EDF0E30016BEB7 /* PokemonJSON.swift */ = {isa = PBXFileReference; lastKnownFileType = sourcecode.swift; path = PokemonJSON.swift; sourceTree = "<group>"; };
		ACF209BC27F5D0340030CF5D /* PokemonSimpleView.swift */ = {isa = PBXFileReference; lastKnownFileType = sourcecode.swift; path = PokemonSimpleView.swift; sourceTree = "<group>"; };
/* End PBXFileReference section */

/* Begin PBXFrameworksBuildPhase section */
		AC7D231527EC71F6005B737F /* Frameworks */ = {
			isa = PBXFrameworksBuildPhase;
			buildActionMask = 2147483647;
			files = (
			);
			runOnlyForDeploymentPostprocessing = 0;
		};
/* End PBXFrameworksBuildPhase section */

/* Begin PBXGroup section */
		AC7D230F27EC71F6005B737F = {
			isa = PBXGroup;
			children = (
				AC7D231A27EC71F6005B737F /* Pokepedia */,
				AC7D231927EC71F6005B737F /* Products */,
			);
			sourceTree = "<group>";
		};
		AC7D231927EC71F6005B737F /* Products */ = {
			isa = PBXGroup;
			children = (
				AC7D231827EC71F6005B737F /* Pokepedia.app */,
			);
			name = Products;
			sourceTree = "<group>";
		};
		AC7D231A27EC71F6005B737F /* Pokepedia */ = {
			isa = PBXGroup;
			children = (
				ACCB452E27F4854200C7A7D0 /* Pokepedia.entitlements */,
				ACD4279527EDCF1D0016BEB7 /* Api */,
				ACD4279227EDCB050016BEB7 /* Views */,
				ACD4279127EDCAF90016BEB7 /* Model */,
				AC7D231B27EC71F6005B737F /* PokepediaApp.swift */,
				AC7D231F27EC71F9005B737F /* Assets.xcassets */,
				AC7D232127EC71F9005B737F /* Preview Content */,
			);
			path = Pokepedia;
			sourceTree = "<group>";
		};
		AC7D232127EC71F9005B737F /* Preview Content */ = {
			isa = PBXGroup;
			children = (
				AC7D232227EC71F9005B737F /* Preview Assets.xcassets */,
			);
			path = "Preview Content";
			sourceTree = "<group>";
		};
		ACCB452527F47F3F00C7A7D0 /* TabView */ = {
			isa = PBXGroup;
			children = (
				ACCB452627F47F6100C7A7D0 /* PokemonTabView.swift */,
			);
			path = TabView;
			sourceTree = "<group>";
		};
		ACCB452827F47FD100C7A7D0 /* Map */ = {
			isa = PBXGroup;
			children = (
				ACCB452927F47FE700C7A7D0 /* PokemonMapView.swift */,
			);
			path = Map;
			sourceTree = "<group>";
		};
		ACCB452B27F4806F00C7A7D0 /* Loading */ = {
			isa = PBXGroup;
			children = (
				ACCB452C27F4809100C7A7D0 /* InitialLoadingView.swift */,
			);
			path = Loading;
			sourceTree = "<group>";
		};
		ACD4279127EDCAF90016BEB7 /* Model */ = {
			isa = PBXGroup;
			children = (
				ACD4279327EDCB310016BEB7 /* Pokemon.swift */,
			);
			path = Model;
			sourceTree = "<group>";
		};
		ACD4279227EDCB050016BEB7 /* Views */ = {
			isa = PBXGroup;
			children = (
				ACCB452B27F4806F00C7A7D0 /* Loading */,
				ACCB452827F47FD100C7A7D0 /* Map */,
				ACCB452527F47F3F00C7A7D0 /* TabView */,
				ACD4279827EDD19E0016BEB7 /* PokemonSwipeList.swift */,
				AC7D231D27EC71F6005B737F /* PokemonView.swift */,
				ACD4278F27EDC6700016BEB7 /* PokemonButton.swift */,
				ACD4279A27EDD2A50016BEB7 /* AppTitle.swift */,
				ACD4279C27EDDCD70016BEB7 /* PokemonList.swift */,
				ACD427A227EDE48E0016BEB7 /* PokemonDetailView.swift */,
				ACF209BC27F5D0340030CF5D /* PokemonSimpleView.swift */,
			);
			path = Views;
			sourceTree = "<group>";
		};
		ACD4279527EDCF1D0016BEB7 /* Api */ = {
			isa = PBXGroup;
			children = (
				ACD4279627EDCF2E0016BEB7 /* PokeApi.swift */,
				ACD427A427EDF0E30016BEB7 /* PokemonJSON.swift */,
				AC1F5D4627EF4E810090D92B /* Page.swift */,
			);
			path = Api;
			sourceTree = "<group>";
		};
/* End PBXGroup section */

/* Begin PBXNativeTarget section */
		AC7D231727EC71F6005B737F /* Pokepedia */ = {
			isa = PBXNativeTarget;
			buildConfigurationList = AC7D232627EC71F9005B737F /* Build configuration list for PBXNativeTarget "Pokepedia" */;
			buildPhases = (
				AC7D231427EC71F6005B737F /* Sources */,
				AC7D231527EC71F6005B737F /* Frameworks */,
				AC7D231627EC71F6005B737F /* Resources */,
			);
			buildRules = (
			);
			dependencies = (
			);
			name = Pokepedia;
			productName = Pokepedia;
			productReference = AC7D231827EC71F6005B737F /* Pokepedia.app */;
			productType = "com.apple.product-type.application";
		};
/* End PBXNativeTarget section */

/* Begin PBXProject section */
		AC7D231027EC71F6005B737F /* Project object */ = {
			isa = PBXProject;
			attributes = {
				BuildIndependentTargetsInParallel = 1;
				LastSwiftUpdateCheck = 1320;
				LastUpgradeCheck = 1320;
				TargetAttributes = {
					AC7D231727EC71F6005B737F = {
						CreatedOnToolsVersion = 13.2.1;
					};
				};
			};
			buildConfigurationList = AC7D231327EC71F6005B737F /* Build configuration list for PBXProject "Pokepedia" */;
			compatibilityVersion = "Xcode 13.0";
			developmentRegion = en;
			hasScannedForEncodings = 0;
			knownRegions = (
				en,
				Base,
			);
			mainGroup = AC7D230F27EC71F6005B737F;
			productRefGroup = AC7D231927EC71F6005B737F /* Products */;
			projectDirPath = "";
			projectRoot = "";
			targets = (
				AC7D231727EC71F6005B737F /* Pokepedia */,
			);
		};
/* End PBXProject section */

/* Begin PBXResourcesBuildPhase section */
		AC7D231627EC71F6005B737F /* Resources */ = {
			isa = PBXResourcesBuildPhase;
			buildActionMask = 2147483647;
			files = (
				AC7D232327EC71F9005B737F /* Preview Assets.xcassets in Resources */,
				AC7D232027EC71F9005B737F /* Assets.xcassets in Resources */,
			);
			runOnlyForDeploymentPostprocessing = 0;
		};
/* End PBXResourcesBuildPhase section */

/* Begin PBXSourcesBuildPhase section */
		AC7D231427EC71F6005B737F /* Sources */ = {
			isa = PBXSourcesBuildPhase;
			buildActionMask = 2147483647;
			files = (
				ACD427A327EDE48E0016BEB7 /* PokemonDetailView.swift in Sources */,
				AC1F5D4727EF4E810090D92B /* Page.swift in Sources */,
				ACCB452A27F47FE700C7A7D0 /* PokemonMapView.swift in Sources */,
				ACCB452727F47F6100C7A7D0 /* PokemonTabView.swift in Sources */,
				AC7D231E27EC71F6005B737F /* PokemonView.swift in Sources */,
				ACD4279427EDCB310016BEB7 /* Pokemon.swift in Sources */,
				ACD4279B27EDD2A50016BEB7 /* AppTitle.swift in Sources */,
				AC7D231C27EC71F6005B737F /* PokepediaApp.swift in Sources */,
				ACD427A527EDF0E30016BEB7 /* PokemonJSON.swift in Sources */,
				ACF209BD27F5D0340030CF5D /* PokemonSimpleView.swift in Sources */,
				ACD4279927EDD19E0016BEB7 /* PokemonSwipeList.swift in Sources */,
				ACD4279027EDC6700016BEB7 /* PokemonButton.swift in Sources */,
				ACD4279D27EDDCD70016BEB7 /* PokemonList.swift in Sources */,
				ACCB452D27F4809100C7A7D0 /* InitialLoadingView.swift in Sources */,
				ACD4279727EDCF2E0016BEB7 /* PokeApi.swift in Sources */,
			);
			runOnlyForDeploymentPostprocessing = 0;
		};
/* End PBXSourcesBuildPhase section */

/* Begin XCBuildConfiguration section */
		AC7D232427EC71F9005B737F /* Debug */ = {
			isa = XCBuildConfiguration;
			buildSettings = {
				ALWAYS_SEARCH_USER_PATHS = NO;
				CLANG_ANALYZER_NONNULL = YES;
				CLANG_ANALYZER_NUMBER_OBJECT_CONVERSION = YES_AGGRESSIVE;
				CLANG_CXX_LANGUAGE_STANDARD = "gnu++17";
				CLANG_CXX_LIBRARY = "libc++";
				CLANG_ENABLE_MODULES = YES;
				CLANG_ENABLE_OBJC_ARC = YES;
				CLANG_ENABLE_OBJC_WEAK = YES;
				CLANG_WARN_BLOCK_CAPTURE_AUTORELEASING = YES;
				CLANG_WARN_BOOL_CONVERSION = YES;
				CLANG_WARN_COMMA = YES;
				CLANG_WARN_CONSTANT_CONVERSION = YES;
				CLANG_WARN_DEPRECATED_OBJC_IMPLEMENTATIONS = YES;
				CLANG_WARN_DIRECT_OBJC_ISA_USAGE = YES_ERROR;
				CLANG_WARN_DOCUMENTATION_COMMENTS = YES;
				CLANG_WARN_EMPTY_BODY = YES;
				CLANG_WARN_ENUM_CONVERSION = YES;
				CLANG_WARN_INFINITE_RECURSION = YES;
				CLANG_WARN_INT_CONVERSION = YES;
				CLANG_WARN_NON_LITERAL_NULL_CONVERSION = YES;
				CLANG_WARN_OBJC_IMPLICIT_RETAIN_SELF = YES;
				CLANG_WARN_OBJC_LITERAL_CONVERSION = YES;
				CLANG_WARN_OBJC_ROOT_CLASS = YES_ERROR;
				CLANG_WARN_QUOTED_INCLUDE_IN_FRAMEWORK_HEADER = YES;
				CLANG_WARN_RANGE_LOOP_ANALYSIS = YES;
				CLANG_WARN_STRICT_PROTOTYPES = YES;
				CLANG_WARN_SUSPICIOUS_MOVE = YES;
				CLANG_WARN_UNGUARDED_AVAILABILITY = YES_AGGRESSIVE;
				CLANG_WARN_UNREACHABLE_CODE = YES;
				CLANG_WARN__DUPLICATE_METHOD_MATCH = YES;
				COPY_PHASE_STRIP = NO;
				DEBUG_INFORMATION_FORMAT = dwarf;
				ENABLE_STRICT_OBJC_MSGSEND = YES;
				ENABLE_TESTABILITY = YES;
				GCC_C_LANGUAGE_STANDARD = gnu11;
				GCC_DYNAMIC_NO_PIC = NO;
				GCC_NO_COMMON_BLOCKS = YES;
				GCC_OPTIMIZATION_LEVEL = 0;
				GCC_PREPROCESSOR_DEFINITIONS = (
					"DEBUG=1",
					"$(inherited)",
				);
				GCC_WARN_64_TO_32_BIT_CONVERSION = YES;
				GCC_WARN_ABOUT_RETURN_TYPE = YES_ERROR;
				GCC_WARN_UNDECLARED_SELECTOR = YES;
				GCC_WARN_UNINITIALIZED_AUTOS = YES_AGGRESSIVE;
				GCC_WARN_UNUSED_FUNCTION = YES;
				GCC_WARN_UNUSED_VARIABLE = YES;
				IPHONEOS_DEPLOYMENT_TARGET = 15.2;
				MTL_ENABLE_DEBUG_INFO = INCLUDE_SOURCE;
				MTL_FAST_MATH = YES;
				ONLY_ACTIVE_ARCH = YES;
				SDKROOT = iphoneos;
				SWIFT_ACTIVE_COMPILATION_CONDITIONS = DEBUG;
				SWIFT_OPTIMIZATION_LEVEL = "-Onone";
			};
			name = Debug;
		};
		AC7D232527EC71F9005B737F /* Release */ = {
			isa = XCBuildConfiguration;
			buildSettings = {
				ALWAYS_SEARCH_USER_PATHS = NO;
				CLANG_ANALYZER_NONNULL = YES;
				CLANG_ANALYZER_NUMBER_OBJECT_CONVERSION = YES_AGGRESSIVE;
				CLANG_CXX_LANGUAGE_STANDARD = "gnu++17";
				CLANG_CXX_LIBRARY = "libc++";
				CLANG_ENABLE_MODULES = YES;
				CLANG_ENABLE_OBJC_ARC = YES;
				CLANG_ENABLE_OBJC_WEAK = YES;
				CLANG_WARN_BLOCK_CAPTURE_AUTORELEASING = YES;
				CLANG_WARN_BOOL_CONVERSION = YES;
				CLANG_WARN_COMMA = YES;
				CLANG_WARN_CONSTANT_CONVERSION = YES;
				CLANG_WARN_DEPRECATED_OBJC_IMPLEMENTATIONS = YES;
				CLANG_WARN_DIRECT_OBJC_ISA_USAGE = YES_ERROR;
				CLANG_WARN_DOCUMENTATION_COMMENTS = YES;
				CLANG_WARN_EMPTY_BODY = YES;
				CLANG_WARN_ENUM_CONVERSION = YES;
				CLANG_WARN_INFINITE_RECURSION = YES;
				CLANG_WARN_INT_CONVERSION = YES;
				CLANG_WARN_NON_LITERAL_NULL_CONVERSION = YES;
				CLANG_WARN_OBJC_IMPLICIT_RETAIN_SELF = YES;
				CLANG_WARN_OBJC_LITERAL_CONVERSION = YES;
				CLANG_WARN_OBJC_ROOT_CLASS = YES_ERROR;
				CLANG_WARN_QUOTED_INCLUDE_IN_FRAMEWORK_HEADER = YES;
				CLANG_WARN_RANGE_LOOP_ANALYSIS = YES;
				CLANG_WARN_STRICT_PROTOTYPES = YES;
				CLANG_WARN_SUSPICIOUS_MOVE = YES;
				CLANG_WARN_UNGUARDED_AVAILABILITY = YES_AGGRESSIVE;
				CLANG_WARN_UNREACHABLE_CODE = YES;
				CLANG_WARN__DUPLICATE_METHOD_MATCH = YES;
				COPY_PHASE_STRIP = NO;
				DEBUG_INFORMATION_FORMAT = "dwarf-with-dsym";
				ENABLE_NS_ASSERTIONS = NO;
				ENABLE_STRICT_OBJC_MSGSEND = YES;
				GCC_C_LANGUAGE_STANDARD = gnu11;
				GCC_NO_COMMON_BLOCKS = YES;
				GCC_WARN_64_TO_32_BIT_CONVERSION = YES;
				GCC_WARN_ABOUT_RETURN_TYPE = YES_ERROR;
				GCC_WARN_UNDECLARED_SELECTOR = YES;
				GCC_WARN_UNINITIALIZED_AUTOS = YES_AGGRESSIVE;
				GCC_WARN_UNUSED_FUNCTION = YES;
				GCC_WARN_UNUSED_VARIABLE = YES;
				IPHONEOS_DEPLOYMENT_TARGET = 15.2;
				MTL_ENABLE_DEBUG_INFO = NO;
				MTL_FAST_MATH = YES;
				SDKROOT = iphoneos;
				SWIFT_COMPILATION_MODE = wholemodule;
				SWIFT_OPTIMIZATION_LEVEL = "-O";
				VALIDATE_PRODUCT = YES;
			};
			name = Release;
		};
		AC7D232727EC71F9005B737F /* Debug */ = {
			isa = XCBuildConfiguration;
			buildSettings = {
				ASSETCATALOG_COMPILER_APPICON_NAME = AppIcon;
				ASSETCATALOG_COMPILER_GLOBAL_ACCENT_COLOR_NAME = AccentColor;
				CODE_SIGN_ENTITLEMENTS = Pokepedia/Pokepedia.entitlements;
				CODE_SIGN_STYLE = Automatic;
				CURRENT_PROJECT_VERSION = 1;
				DEVELOPMENT_ASSET_PATHS = "\"Pokepedia/Preview Content\"";
				DEVELOPMENT_TEAM = FWFWL7ALDV;
				ENABLE_PREVIEWS = YES;
				GENERATE_INFOPLIST_FILE = YES;
				INFOPLIST_KEY_UIApplicationSceneManifest_Generation = YES;
				INFOPLIST_KEY_UIApplicationSupportsIndirectInputEvents = YES;
				INFOPLIST_KEY_UILaunchScreen_Generation = YES;
				INFOPLIST_KEY_UISupportedInterfaceOrientations_iPad = "UIInterfaceOrientationPortrait UIInterfaceOrientationPortraitUpsideDown UIInterfaceOrientationLandscapeLeft UIInterfaceOrientationLandscapeRight";
				INFOPLIST_KEY_UISupportedInterfaceOrientations_iPhone = "UIInterfaceOrientationPortrait UIInterfaceOrientationLandscapeLeft UIInterfaceOrientationLandscapeRight";
				IPHONEOS_DEPLOYMENT_TARGET = 15.2;
				LD_RUNPATH_SEARCH_PATHS = (
					"$(inherited)",
					"@executable_path/Frameworks",
				);
				MARKETING_VERSION = 1.0;
				PRODUCT_BUNDLE_IDENTIFIER = com.mbravoov.Pokepedia;
				PRODUCT_NAME = "$(TARGET_NAME)";
				SUPPORTS_MACCATALYST = NO;
				SWIFT_EMIT_LOC_STRINGS = YES;
				SWIFT_VERSION = 5.0;
				TARGETED_DEVICE_FAMILY = "1,2";
			};
			name = Debug;
		};
		AC7D232827EC71F9005B737F /* Release */ = {
			isa = XCBuildConfiguration;
			buildSettings = {
				ASSETCATALOG_COMPILER_APPICON_NAME = AppIcon;
				ASSETCATALOG_COMPILER_GLOBAL_ACCENT_COLOR_NAME = AccentColor;
				CODE_SIGN_ENTITLEMENTS = Pokepedia/Pokepedia.entitlements;
				CODE_SIGN_STYLE = Automatic;
				CURRENT_PROJECT_VERSION = 1;
				DEVELOPMENT_ASSET_PATHS = "\"Pokepedia/Preview Content\"";
				DEVELOPMENT_TEAM = FWFWL7ALDV;
				ENABLE_PREVIEWS = YES;
				GENERATE_INFOPLIST_FILE = YES;
				INFOPLIST_KEY_UIApplicationSceneManifest_Generation = YES;
				INFOPLIST_KEY_UIApplicationSupportsIndirectInputEvents = YES;
				INFOPLIST_KEY_UILaunchScreen_Generation = YES;
				INFOPLIST_KEY_UISupportedInterfaceOrientations_iPad = "UIInterfaceOrientationPortrait UIInterfaceOrientationPortraitUpsideDown UIInterfaceOrientationLandscapeLeft UIInterfaceOrientationLandscapeRight";
				INFOPLIST_KEY_UISupportedInterfaceOrientations_iPhone = "UIInterfaceOrientationPortrait UIInterfaceOrientationLandscapeLeft UIInterfaceOrientationLandscapeRight";
				IPHONEOS_DEPLOYMENT_TARGET = 15.2;
				LD_RUNPATH_SEARCH_PATHS = (
					"$(inherited)",
					"@executable_path/Frameworks",
				);
				MARKETING_VERSION = 1.0;
				PRODUCT_BUNDLE_IDENTIFIER = com.mbravoov.Pokepedia;
				PRODUCT_NAME = "$(TARGET_NAME)";
				SUPPORTS_MACCATALYST = NO;
				SWIFT_EMIT_LOC_STRINGS = YES;
				SWIFT_VERSION = 5.0;
				TARGETED_DEVICE_FAMILY = "1,2";
			};
			name = Release;
		};
/* End XCBuildConfiguration section */

/* Begin XCConfigurationList section */
		AC7D231327EC71F6005B737F /* Build configuration list for PBXProject "Pokepedia" */ = {
			isa = XCConfigurationList;
			buildConfigurations = (
				AC7D232427EC71F9005B737F /* Debug */,
				AC7D232527EC71F9005B737F /* Release */,
			);
			defaultConfigurationIsVisible = 0;
			defaultConfigurationName = Release;
		};
		AC7D232627EC71F9005B737F /* Build configuration list for PBXNativeTarget "Pokepedia" */ = {
			isa = XCConfigurationList;
			buildConfigurations = (
				AC7D232727EC71F9005B737F /* Debug */,
				AC7D232827EC71F9005B737F /* Release */,
			);
			defaultConfigurationIsVisible = 0;
			defaultConfigurationName = Release;
		};
/* End XCConfigurationList section */
	};
	rootObject = AC7D231027EC71F6005B737F /* Project object */;
}
